
Microsoft Visual Studio Solution File, Format Version 12.00
# Visual Studio Version 16
VisualStudioVersion = 25.0.1706.12
MinimumVisualStudioVersion = 10.0.40219.1
Project("{2150E333-8FDC-42A3-9474-1A3956D46DE8}") = "ShopManagement", "ShopManagement", "{643E45B1-FC26-4739-8D33-D08F8CC814EF}"
EndProject
Project("{2150E333-8FDC-42A3-9474-1A3956D46DE8}") = "SM.Domain", "SM.Domain", "{8E9C8C37-428E-424A-90E7-977C460EBBCE}"
EndProject
Project("{FAE04EC0-301F-11D3-BF4B-00C04F79EFBC}") = "ShopManagement.Domain", "ShopManagement.Domain\ShopManagement.Domain.csproj", "{0397469C-A1D4-4AE2-A1DD-2571ADC85407}"
EndProject
Project("{FAE04EC0-301F-11D3-BF4B-00C04F79EFBC}") = "0_Framework", "0_Framework\0_Framework.csproj", "{23656E9F-DE58-4059-A99B-09CA260B5CE6}"
EndProject
Project("{2150E333-8FDC-42A3-9474-1A3956D46DE8}") = "SM.Application", "SM.Application", "{280E0EB2-CF54-4584-94C2-C853476F739C}"
EndProject
Project("{FAE04EC0-301F-11D3-BF4B-00C04F79EFBC}") = "ShopManagement.Application.Contracts", "ShopManagement.Application.Contracts\ShopManagement.Application.Contracts.csproj", "{C53B7F99-729F-4CC6-BF1A-C408BC7D1585}"
EndProject
Project("{FAE04EC0-301F-11D3-BF4B-00C04F79EFBC}") = "ShopManagement.Application", "ShopManagement.Application\ShopManagement.Application.csproj", "{51460AAA-6CBF-417A-A356-429D9409A78B}"
EndProject
Project("{2150E333-8FDC-42A3-9474-1A3956D46DE8}") = "SM.Infrastructure", "SM.Infrastructure", "{F6C1C93A-EBF6-4F35-B057-BDA3A44819E7}"
EndProject
Project("{FAE04EC0-301F-11D3-BF4B-00C04F79EFBC}") = "ShopManagement.Infrastructure.EFCore", "ShopManagement.Infrastructure.EFCore\ShopManagement.Infrastructure.EFCore.csproj", "{4C162DD5-C6A0-4313-8011-552335E6FF7A}"
EndProject
Project("{FAE04EC0-301F-11D3-BF4B-00C04F79EFBC}") = "ServiceHost", "ServiceHost\ServiceHost.csproj", "{79DDF26A-0C8C-4986-8EB4-26850604EA3C}"
EndProject
Project("{FAE04EC0-301F-11D3-BF4B-00C04F79EFBC}") = "ShopManagement.Configuration", "ShopManagement.Configuration\ShopManagement.Configuration.csproj", "{48398250-8897-4ADC-86D5-FD8AF092532A}"
EndProject
Project("{FAE04EC0-301F-11D3-BF4B-00C04F79EFBC}") = "_01_LampshadeQuery", "_01_LampshadeQuery\_01_LampshadeQuery.csproj", "{B29C3362-AEE4-4711-9C16-27D367E016E9}"
EndProject
Project("{2150E333-8FDC-42A3-9474-1A3956D46DE8}") = "DiscountManagement", "DiscountManagement", "{D1518E3A-0149-47DF-A78A-95E46ECD39EC}"
EndProject
Project("{2150E333-8FDC-42A3-9474-1A3956D46DE8}") = "DM.Domain", "DM.Domain", "{9509E508-BBEC-4C75-8088-F7D477242F5A}"
EndProject
Project("{2150E333-8FDC-42A3-9474-1A3956D46DE8}") = "DM.Application", "DM.Application", "{B4630F81-894E-4B16-AA38-57B434DDFF50}"
EndProject
Project("{2150E333-8FDC-42A3-9474-1A3956D46DE8}") = "DM.Infrastructure", "DM.Infrastructure", "{B4A5A9E8-8566-4BB2-B5F0-46660C5A786B}"
EndProject
Project("{FAE04EC0-301F-11D3-BF4B-00C04F79EFBC}") = "DiscountManagement.Domain", "DiscountManagement.Domain\DiscountManagement.Domain.csproj", "{76603070-573B-49A1-9791-E25D3C4D330D}"
EndProject
Project("{FAE04EC0-301F-11D3-BF4B-00C04F79EFBC}") = "DiscountManagement.Application", "DiscountManagement.Application\DiscountManagement.Application.csproj", "{D9CFAF4F-DBE5-4F24-8D59-AD86AE40195A}"
EndProject
Project("{FAE04EC0-301F-11D3-BF4B-00C04F79EFBC}") = "DiscountManagement.Application.Contracts", "DiscountManagement.Application.Contracts\DiscountManagement.Application.Contracts.csproj", "{2A95FA89-F80C-4BBC-B86A-0C73AC60D260}"
EndProject
Global
	GlobalSection(SolutionConfigurationPlatforms) = preSolution
		Debug|Any CPU = Debug|Any CPU
		Release|Any CPU = Release|Any CPU
	EndGlobalSection
	GlobalSection(ProjectConfigurationPlatforms) = postSolution
		{0397469C-A1D4-4AE2-A1DD-2571ADC85407}.Debug|Any CPU.ActiveCfg = Debug|Any CPU
		{0397469C-A1D4-4AE2-A1DD-2571ADC85407}.Debug|Any CPU.Build.0 = Debug|Any CPU
		{0397469C-A1D4-4AE2-A1DD-2571ADC85407}.Release|Any CPU.ActiveCfg = Release|Any CPU
		{0397469C-A1D4-4AE2-A1DD-2571ADC85407}.Release|Any CPU.Build.0 = Release|Any CPU
		{23656E9F-DE58-4059-A99B-09CA260B5CE6}.Debug|Any CPU.ActiveCfg = Debug|Any CPU
		{23656E9F-DE58-4059-A99B-09CA260B5CE6}.Debug|Any CPU.Build.0 = Debug|Any CPU
		{23656E9F-DE58-4059-A99B-09CA260B5CE6}.Release|Any CPU.ActiveCfg = Release|Any CPU
		{23656E9F-DE58-4059-A99B-09CA260B5CE6}.Release|Any CPU.Build.0 = Release|Any CPU
		{C53B7F99-729F-4CC6-BF1A-C408BC7D1585}.Debug|Any CPU.ActiveCfg = Debug|Any CPU
		{C53B7F99-729F-4CC6-BF1A-C408BC7D1585}.Debug|Any CPU.Build.0 = Debug|Any CPU
		{C53B7F99-729F-4CC6-BF1A-C408BC7D1585}.Release|Any CPU.ActiveCfg = Release|Any CPU
		{C53B7F99-729F-4CC6-BF1A-C408BC7D1585}.Release|Any CPU.Build.0 = Release|Any CPU
		{51460AAA-6CBF-417A-A356-429D9409A78B}.Debug|Any CPU.ActiveCfg = Debug|Any CPU
		{51460AAA-6CBF-417A-A356-429D9409A78B}.Debug|Any CPU.Build.0 = Debug|Any CPU
		{51460AAA-6CBF-417A-A356-429D9409A78B}.Release|Any CPU.ActiveCfg = Release|Any CPU
		{51460AAA-6CBF-417A-A356-429D9409A78B}.Release|Any CPU.Build.0 = Release|Any CPU
		{4C162DD5-C6A0-4313-8011-552335E6FF7A}.Debug|Any CPU.ActiveCfg = Debug|Any CPU
		{4C162DD5-C6A0-4313-8011-552335E6FF7A}.Debug|Any CPU.Build.0 = Debug|Any CPU
		{4C162DD5-C6A0-4313-8011-552335E6FF7A}.Release|Any CPU.ActiveCfg = Release|Any CPU
		{4C162DD5-C6A0-4313-8011-552335E6FF7A}.Release|Any CPU.Build.0 = Release|Any CPU
		{79DDF26A-0C8C-4986-8EB4-26850604EA3C}.Debug|Any CPU.ActiveCfg = Debug|Any CPU
		{79DDF26A-0C8C-4986-8EB4-26850604EA3C}.Debug|Any CPU.Build.0 = Debug|Any CPU
		{79DDF26A-0C8C-4986-8EB4-26850604EA3C}.Release|Any CPU.ActiveCfg = Release|Any CPU
		{79DDF26A-0C8C-4986-8EB4-26850604EA3C}.Release|Any CPU.Build.0 = Release|Any CPU
		{48398250-8897-4ADC-86D5-FD8AF092532A}.Debug|Any CPU.ActiveCfg = Debug|Any CPU
		{48398250-8897-4ADC-86D5-FD8AF092532A}.Debug|Any CPU.Build.0 = Debug|Any CPU
		{48398250-8897-4ADC-86D5-FD8AF092532A}.Release|Any CPU.ActiveCfg = Release|Any CPU
		{48398250-8897-4ADC-86D5-FD8AF092532A}.Release|Any CPU.Build.0 = Release|Any CPU
		{B29C3362-AEE4-4711-9C16-27D367E016E9}.Debug|Any CPU.ActiveCfg = Debug|Any CPU
		{B29C3362-AEE4-4711-9C16-27D367E016E9}.Debug|Any CPU.Build.0 = Debug|Any CPU
		{B29C3362-AEE4-4711-9C16-27D367E016E9}.Release|Any CPU.ActiveCfg = Release|Any CPU
		{B29C3362-AEE4-4711-9C16-27D367E016E9}.Release|Any CPU.Build.0 = Release|Any CPU
		{76603070-573B-49A1-9791-E25D3C4D330D}.Debug|Any CPU.ActiveCfg = Debug|Any CPU
		{76603070-573B-49A1-9791-E25D3C4D330D}.Debug|Any CPU.Build.0 = Debug|Any CPU
		{76603070-573B-49A1-9791-E25D3C4D330D}.Release|Any CPU.ActiveCfg = Release|Any CPU
		{76603070-573B-49A1-9791-E25D3C4D330D}.Release|Any CPU.Build.0 = Release|Any CPU
		{D9CFAF4F-DBE5-4F24-8D59-AD86AE40195A}.Debug|Any CPU.ActiveCfg = Debug|Any CPU
		{D9CFAF4F-DBE5-4F24-8D59-AD86AE40195A}.Debug|Any CPU.Build.0 = Debug|Any CPU
		{D9CFAF4F-DBE5-4F24-8D59-AD86AE40195A}.Release|Any CPU.ActiveCfg = Release|Any CPU
		{D9CFAF4F-DBE5-4F24-8D59-AD86AE40195A}.Release|Any CPU.Build.0 = Release|Any CPU
		{2A95FA89-F80C-4BBC-B86A-0C73AC60D260}.Debug|Any CPU.ActiveCfg = Debug|Any CPU
		{2A95FA89-F80C-4BBC-B86A-0C73AC60D260}.Debug|Any CPU.Build.0 = Debug|Any CPU
		{2A95FA89-F80C-4BBC-B86A-0C73AC60D260}.Release|Any CPU.ActiveCfg = Release|Any CPU
		{2A95FA89-F80C-4BBC-B86A-0C73AC60D260}.Release|Any CPU.Build.0 = Release|Any CPU
	EndGlobalSection
	GlobalSection(SolutionProperties) = preSolution
		HideSolutionNode = FALSE
	EndGlobalSection
	GlobalSection(ExtensibilityGlobals) = postSolution
		SolutionGuid = {E5F7D15F-ADF8-43C6-8B96-F564ABA8F43F}
	EndGlobalSection
	GlobalSection(NestedProjects) = preSolution
		{8E9C8C37-428E-424A-90E7-977C460EBBCE} = {643E45B1-FC26-4739-8D33-D08F8CC814EF}
		{0397469C-A1D4-4AE2-A1DD-2571ADC85407} = {8E9C8C37-428E-424A-90E7-977C460EBBCE}
		{280E0EB2-CF54-4584-94C2-C853476F739C} = {643E45B1-FC26-4739-8D33-D08F8CC814EF}
		{C53B7F99-729F-4CC6-BF1A-C408BC7D1585} = {280E0EB2-CF54-4584-94C2-C853476F739C}
		{51460AAA-6CBF-417A-A356-429D9409A78B} = {280E0EB2-CF54-4584-94C2-C853476F739C}
		{F6C1C93A-EBF6-4F35-B057-BDA3A44819E7} = {643E45B1-FC26-4739-8D33-D08F8CC814EF}
		{4C162DD5-C6A0-4313-8011-552335E6FF7A} = {F6C1C93A-EBF6-4F35-B057-BDA3A44819E7}
		{48398250-8897-4ADC-86D5-FD8AF092532A} = {F6C1C93A-EBF6-4F35-B057-BDA3A44819E7}
		{9509E508-BBEC-4C75-8088-F7D477242F5A} = {D1518E3A-0149-47DF-A78A-95E46ECD39EC}
		{B4630F81-894E-4B16-AA38-57B434DDFF50} = {D1518E3A-0149-47DF-A78A-95E46ECD39EC}
		{B4A5A9E8-8566-4BB2-B5F0-46660C5A786B} = {D1518E3A-0149-47DF-A78A-95E46ECD39EC}
		{76603070-573B-49A1-9791-E25D3C4D330D} = {9509E508-BBEC-4C75-8088-F7D477242F5A}
		{D9CFAF4F-DBE5-4F24-8D59-AD86AE40195A} = {B4630F81-894E-4B16-AA38-57B434DDFF50}
		{2A95FA89-F80C-4BBC-B86A-0C73AC60D260} = {B4630F81-894E-4B16-AA38-57B434DDFF50}
	EndGlobalSection
EndGlobal
