
Microsoft Visual Studio Solution File, Format Version 12.00
# Visual Studio Version 16
VisualStudioVersion = 25.0.1706.12
MinimumVisualStudioVersion = 10.0.40219.1
Project("{2150E333-8FDC-42A3-9474-1A3956D46DE8}") = "ShopManagement", "ShopManagement", "{643E45B1-FC26-4739-8D33-D08F8CC814EF}"
EndProject
Project("{2150E333-8FDC-42A3-9474-1A3956D46DE8}") = "SM.Domain", "SM.Domain", "{8E9C8C37-428E-424A-90E7-977C460EBBCE}"
EndProject
Project("{FAE04EC0-301F-11D3-BF4B-00C04F79EFBC}") = "ShopManagement.Domain", "ShopManagement.Domain\ShopManagement.Domain.csproj", "{0397469C-A1D4-4AE2-A1DD-2571ADC85407}"
EndProject
Project("{FAE04EC0-301F-11D3-BF4B-00C04F79EFBC}") = "0_Framework", "0_Framework\0_Framework.csproj", "{23656E9F-DE58-4059-A99B-09CA260B5CE6}"
EndProject
Project("{2150E333-8FDC-42A3-9474-1A3956D46DE8}") = "SM.Application", "SM.Application", "{280E0EB2-CF54-4584-94C2-C853476F739C}"
EndProject
Project("{FAE04EC0-301F-11D3-BF4B-00C04F79EFBC}") = "ShopManagement.Application.Contracts", "ShopManagement.Application.Contracts\ShopManagement.Application.Contracts.csproj", "{C53B7F99-729F-4CC6-BF1A-C408BC7D1585}"
EndProject
Project("{FAE04EC0-301F-11D3-BF4B-00C04F79EFBC}") = "ShopManagement.Application", "ShopManagement.Application\ShopManagement.Application.csproj", "{51460AAA-6CBF-417A-A356-429D9409A78B}"
EndProject
Project("{2150E333-8FDC-42A3-9474-1A3956D46DE8}") = "SM.Infrastructure", "SM.Infrastructure", "{F6C1C93A-EBF6-4F35-B057-BDA3A44819E7}"
EndProject
Project("{FAE04EC0-301F-11D3-BF4B-00C04F79EFBC}") = "ShopManagement.Infrastructure.EFCore", "ShopManagement.Infrastructure.EFCore\ShopManagement.Infrastructure.EFCore.csproj", "{4C162DD5-C6A0-4313-8011-552335E6FF7A}"
EndProject
Project("{FAE04EC0-301F-11D3-BF4B-00C04F79EFBC}") = "ServiceHost", "ServiceHost\ServiceHost.csproj", "{79DDF26A-0C8C-4986-8EB4-26850604EA3C}"
EndProject
Project("{FAE04EC0-301F-11D3-BF4B-00C04F79EFBC}") = "ShopManagement.Configuration", "ShopManagement.Configuration\ShopManagement.Configuration.csproj", "{48398250-8897-4ADC-86D5-FD8AF092532A}"
EndProject
Project("{FAE04EC0-301F-11D3-BF4B-00C04F79EFBC}") = "_01_LampshadeQuery", "_01_LampshadeQuery\_01_LampshadeQuery.csproj", "{B29C3362-AEE4-4711-9C16-27D367E016E9}"
EndProject
Project("{2150E333-8FDC-42A3-9474-1A3956D46DE8}") = "DiscountManagement", "DiscountManagement", "{D1518E3A-0149-47DF-A78A-95E46ECD39EC}"
EndProject
Project("{2150E333-8FDC-42A3-9474-1A3956D46DE8}") = "DM.Domain", "DM.Domain", "{9509E508-BBEC-4C75-8088-F7D477242F5A}"
EndProject
Project("{2150E333-8FDC-42A3-9474-1A3956D46DE8}") = "DM.Application", "DM.Application", "{B4630F81-894E-4B16-AA38-57B434DDFF50}"
EndProject
Project("{2150E333-8FDC-42A3-9474-1A3956D46DE8}") = "DM.Infrastructure", "DM.Infrastructure", "{B4A5A9E8-8566-4BB2-B5F0-46660C5A786B}"
EndProject
Project("{FAE04EC0-301F-11D3-BF4B-00C04F79EFBC}") = "DiscountManagement.Domain", "DiscountManagement.Domain\DiscountManagement.Domain.csproj", "{76603070-573B-49A1-9791-E25D3C4D330D}"
EndProject
Project("{FAE04EC0-301F-11D3-BF4B-00C04F79EFBC}") = "DiscountManagement.Application", "DiscountManagement.Application\DiscountManagement.Application.csproj", "{D9CFAF4F-DBE5-4F24-8D59-AD86AE40195A}"
EndProject
Project("{FAE04EC0-301F-11D3-BF4B-00C04F79EFBC}") = "DiscountManagement.Application.Contracts", "DiscountManagement.Application.Contracts\DiscountManagement.Application.Contracts.csproj", "{2A95FA89-F80C-4BBC-B86A-0C73AC60D260}"
EndProject
Project("{FAE04EC0-301F-11D3-BF4B-00C04F79EFBC}") = "DiscountManagement.Infrastructure.EFCore", "DiscountManagement.Infrastructure.EFCore\DiscountManagement.Infrastructure.EFCore.csproj", "{2E081826-D819-454F-B8F3-E23FE16051EA}"
EndProject
Project("{FAE04EC0-301F-11D3-BF4B-00C04F79EFBC}") = "DiscountManagement.Configuration", "DiscountManagement.Configuration\DiscountManagement.Configuration.csproj", "{C84BDD6E-8D78-45D4-9140-E96295C71A44}"
EndProject
Project("{2150E333-8FDC-42A3-9474-1A3956D46DE8}") = "InventoryManagement", "InventoryManagement", "{0BB73ACF-E529-43E1-8F40-926A7F0003A5}"
EndProject
Project("{2150E333-8FDC-42A3-9474-1A3956D46DE8}") = "IM.Domain", "IM.Domain", "{616F5181-ECB3-47D5-AD75-E156ABC24F30}"
EndProject
Project("{FAE04EC0-301F-11D3-BF4B-00C04F79EFBC}") = "InventoryManagement.Domain", "InventoryManagement.Domain\InventoryManagement.Domain.csproj", "{BA659FDC-2169-4D3F-8351-B9C9B739A95D}"
EndProject
Project("{2150E333-8FDC-42A3-9474-1A3956D46DE8}") = "IM.Application", "IM.Application", "{5F4EA9FD-909D-45AF-BEFA-73FDBBC2B540}"
EndProject
Project("{FAE04EC0-301F-11D3-BF4B-00C04F79EFBC}") = "InventoryManagement.Application.Contract", "InventoryManagement.Application.Contract\InventoryManagement.Application.Contract.csproj", "{B4BBF472-AF21-4CF1-A7FB-E7CEBFB5443A}"
EndProject
Project("{2150E333-8FDC-42A3-9474-1A3956D46DE8}") = "IM.Infrastructure", "IM.Infrastructure", "{AF7B5B8B-974A-416C-A537-EF638562C63E}"
EndProject
Project("{FAE04EC0-301F-11D3-BF4B-00C04F79EFBC}") = "InventoryMangement.Infrastructure.EFCorel", "InventoryMangement.Infrastructure.EFCorel\InventoryMangement.Infrastructure.EFCorel.csproj", "{EF02428D-18F8-4F8B-9C24-95F4511E2B31}"
EndProject
Project("{FAE04EC0-301F-11D3-BF4B-00C04F79EFBC}") = "InventoryMangement.Configuration", "InventoryMangement.Configuration\InventoryMangement.Configuration.csproj", "{3272C966-D5A6-4E82-861E-F24700356834}"
EndProject
Project("{FAE04EC0-301F-11D3-BF4B-00C04F79EFBC}") = "InventoryManagement.Application", "InventoryManagement.Application\InventoryManagement.Application.csproj", "{4BD0563A-1031-45F5-9B11-4D7EC739D5B6}"
EndProject
Project("{2150E333-8FDC-42A3-9474-1A3956D46DE8}") = "CommentManagement", "CommentManagement", "{C6131F31-4CCC-4B34-BE88-DEF86A105F05}"
EndProject
Project("{2150E333-8FDC-42A3-9474-1A3956D46DE8}") = "CM.Domain", "CM.Domain", "{1F4FE802-3149-4ACF-87CF-E6DFD898AD95}"
EndProject
Project("{FAE04EC0-301F-11D3-BF4B-00C04F79EFBC}") = "CommentManagement.Domain", "CommentManagement.Domain\CommentManagement.Domain.csproj", "{FEBAB492-447C-41D2-A0BB-FB2ED57988B1}"
EndProject
Project("{2150E333-8FDC-42A3-9474-1A3956D46DE8}") = "CM.Application", "CM.Application", "{03143793-FFD1-4330-86BD-1EA40F39F178}"
EndProject
Project("{FAE04EC0-301F-11D3-BF4B-00C04F79EFBC}") = "CommentManagement.Application", "CommentManagement.Application\CommentManagement.Application.csproj", "{968EFB21-12DA-4442-B713-FFD7FFAF44FA}"
EndProject
Project("{FAE04EC0-301F-11D3-BF4B-00C04F79EFBC}") = "CommentManagement.Application.Contracts", "CommentManagement.Application.Contracts\CommentManagement.Application.Contracts.csproj", "{D08FEC0C-6D9D-4FB6-9465-CA64FE5834BF}"
EndProject
Project("{2150E333-8FDC-42A3-9474-1A3956D46DE8}") = "CM.Infrastructure", "CM.Infrastructure", "{E9F5B21B-0642-49BD-B2C2-9F51CFCAD5A5}"
EndProject
Project("{FAE04EC0-301F-11D3-BF4B-00C04F79EFBC}") = "CommentManagement.Configuration", "CommentManagement.Configuration\CommentManagement.Configuration.csproj", "{73316BD3-562E-4BD3-BD51-083B389972B7}"
EndProject
Project("{FAE04EC0-301F-11D3-BF4B-00C04F79EFBC}") = "CommentManagement.Infrastructure.EFCore", "CommentManagement.Infrastructure.EFCore\CommentManagement.Infrastructure.EFCore.csproj", "{CAED6864-03E8-413E-BDB4-26C75E0BCD26}"
EndProject
Project("{2150E333-8FDC-42A3-9474-1A3956D46DE8}") = "AccountManagement", "AccountManagement", "{42F2DBB4-E7BB-4693-81A5-7EC113EF3BDA}"
EndProject
Project("{2150E333-8FDC-42A3-9474-1A3956D46DE8}") = "AM.Domain", "AM.Domain", "{0644449C-6164-43CD-B64F-A41B36E70EDB}"
EndProject
Project("{FAE04EC0-301F-11D3-BF4B-00C04F79EFBC}") = "AccountManagement.Domain", "AccountManagement.Domain\AccountManagement.Domain.csproj", "{FB557B8F-4882-4BA5-AC95-83CDAB4AFC55}"
EndProject
Project("{2150E333-8FDC-42A3-9474-1A3956D46DE8}") = "AM.Application", "AM.Application", "{D3150A75-325E-43A2-BA96-0F537CFCD7D3}"
EndProject
Project("{FAE04EC0-301F-11D3-BF4B-00C04F79EFBC}") = "AccountManagement.Application.Contracts", "AccountManagement.Application.Contracts\AccountManagement.Application.Contracts.csproj", "{0F64B56F-D017-46C8-B9DC-F3EDA1C960D7}"
EndProject
Project("{FAE04EC0-301F-11D3-BF4B-00C04F79EFBC}") = "AccountManagement.Application", "AccountManagement.Application\AccountManagement.Application.csproj", "{2131CFE2-3B3B-49DC-908B-B4E33C14C8BD}"
EndProject
Project("{2150E333-8FDC-42A3-9474-1A3956D46DE8}") = "AM.Infrastructure", "AM.Infrastructure", "{324E5A36-788F-4890-A425-4618ABADBF7C}"
EndProject
Project("{FAE04EC0-301F-11D3-BF4B-00C04F79EFBC}") = "AccountMangement.Infrastructure.EFCore", "AccountMangement.Infrastructure.EFCore\AccountMangement.Infrastructure.EFCore.csproj", "{C9EAA039-F640-4EE5-B23B-2ED8AD6C2133}"
EndProject
Project("{FAE04EC0-301F-11D3-BF4B-00C04F79EFBC}") = "AccountManagement.Configuration", "AccountManagement.Configuration\AccountManagement.Configuration.csproj", "{95607556-0838-4907-9B28-4FE12DA5A181}"
EndProject
Project("{2150E333-8FDC-42A3-9474-1A3956D46DE8}") = "SM.Presentation", "SM.Presentation", "{9EF8E054-937D-4C08-9498-9E85C584931B}"
EndProject
Project("{2150E333-8FDC-42A3-9474-1A3956D46DE8}") = "IM.Presentation", "IM.Presentation", "{AAA8C4F2-FF46-491E-A3CC-8CB414BE6338}"
EndProject
Project("{FAE04EC0-301F-11D3-BF4B-00C04F79EFBC}") = "RedisDatabase", "RedisDatabase\RedisDatabase.csproj", "{19DDE540-6438-466E-99AC-D80B37A4E2A1}"
EndProject
Global
	GlobalSection(SolutionConfigurationPlatforms) = preSolution
		Debug|Any CPU = Debug|Any CPU
		Release|Any CPU = Release|Any CPU
	EndGlobalSection
	GlobalSection(ProjectConfigurationPlatforms) = postSolution
		{0397469C-A1D4-4AE2-A1DD-2571ADC85407}.Debug|Any CPU.ActiveCfg = Debug|Any CPU
		{0397469C-A1D4-4AE2-A1DD-2571ADC85407}.Debug|Any CPU.Build.0 = Debug|Any CPU
		{0397469C-A1D4-4AE2-A1DD-2571ADC85407}.Release|Any CPU.ActiveCfg = Release|Any CPU
		{0397469C-A1D4-4AE2-A1DD-2571ADC85407}.Release|Any CPU.Build.0 = Release|Any CPU
		{23656E9F-DE58-4059-A99B-09CA260B5CE6}.Debug|Any CPU.ActiveCfg = Debug|Any CPU
		{23656E9F-DE58-4059-A99B-09CA260B5CE6}.Debug|Any CPU.Build.0 = Debug|Any CPU
		{23656E9F-DE58-4059-A99B-09CA260B5CE6}.Release|Any CPU.ActiveCfg = Release|Any CPU
		{23656E9F-DE58-4059-A99B-09CA260B5CE6}.Release|Any CPU.Build.0 = Release|Any CPU
		{C53B7F99-729F-4CC6-BF1A-C408BC7D1585}.Debug|Any CPU.ActiveCfg = Debug|Any CPU
		{C53B7F99-729F-4CC6-BF1A-C408BC7D1585}.Debug|Any CPU.Build.0 = Debug|Any CPU
		{C53B7F99-729F-4CC6-BF1A-C408BC7D1585}.Release|Any CPU.ActiveCfg = Release|Any CPU
		{C53B7F99-729F-4CC6-BF1A-C408BC7D1585}.Release|Any CPU.Build.0 = Release|Any CPU
		{51460AAA-6CBF-417A-A356-429D9409A78B}.Debug|Any CPU.ActiveCfg = Debug|Any CPU
		{51460AAA-6CBF-417A-A356-429D9409A78B}.Debug|Any CPU.Build.0 = Debug|Any CPU
		{51460AAA-6CBF-417A-A356-429D9409A78B}.Release|Any CPU.ActiveCfg = Release|Any CPU
		{51460AAA-6CBF-417A-A356-429D9409A78B}.Release|Any CPU.Build.0 = Release|Any CPU
		{4C162DD5-C6A0-4313-8011-552335E6FF7A}.Debug|Any CPU.ActiveCfg = Debug|Any CPU
		{4C162DD5-C6A0-4313-8011-552335E6FF7A}.Debug|Any CPU.Build.0 = Debug|Any CPU
		{4C162DD5-C6A0-4313-8011-552335E6FF7A}.Release|Any CPU.ActiveCfg = Release|Any CPU
		{4C162DD5-C6A0-4313-8011-552335E6FF7A}.Release|Any CPU.Build.0 = Release|Any CPU
		{79DDF26A-0C8C-4986-8EB4-26850604EA3C}.Debug|Any CPU.ActiveCfg = Debug|Any CPU
		{79DDF26A-0C8C-4986-8EB4-26850604EA3C}.Debug|Any CPU.Build.0 = Debug|Any CPU
		{79DDF26A-0C8C-4986-8EB4-26850604EA3C}.Release|Any CPU.ActiveCfg = Release|Any CPU
		{79DDF26A-0C8C-4986-8EB4-26850604EA3C}.Release|Any CPU.Build.0 = Release|Any CPU
		{48398250-8897-4ADC-86D5-FD8AF092532A}.Debug|Any CPU.ActiveCfg = Debug|Any CPU
		{48398250-8897-4ADC-86D5-FD8AF092532A}.Debug|Any CPU.Build.0 = Debug|Any CPU
		{48398250-8897-4ADC-86D5-FD8AF092532A}.Release|Any CPU.ActiveCfg = Release|Any CPU
		{48398250-8897-4ADC-86D5-FD8AF092532A}.Release|Any CPU.Build.0 = Release|Any CPU
		{B29C3362-AEE4-4711-9C16-27D367E016E9}.Debug|Any CPU.ActiveCfg = Debug|Any CPU
		{B29C3362-AEE4-4711-9C16-27D367E016E9}.Debug|Any CPU.Build.0 = Debug|Any CPU
		{B29C3362-AEE4-4711-9C16-27D367E016E9}.Release|Any CPU.ActiveCfg = Release|Any CPU
		{B29C3362-AEE4-4711-9C16-27D367E016E9}.Release|Any CPU.Build.0 = Release|Any CPU
		{76603070-573B-49A1-9791-E25D3C4D330D}.Debug|Any CPU.ActiveCfg = Debug|Any CPU
		{76603070-573B-49A1-9791-E25D3C4D330D}.Debug|Any CPU.Build.0 = Debug|Any CPU
		{76603070-573B-49A1-9791-E25D3C4D330D}.Release|Any CPU.ActiveCfg = Release|Any CPU
		{76603070-573B-49A1-9791-E25D3C4D330D}.Release|Any CPU.Build.0 = Release|Any CPU
		{D9CFAF4F-DBE5-4F24-8D59-AD86AE40195A}.Debug|Any CPU.ActiveCfg = Debug|Any CPU
		{D9CFAF4F-DBE5-4F24-8D59-AD86AE40195A}.Debug|Any CPU.Build.0 = Debug|Any CPU
		{D9CFAF4F-DBE5-4F24-8D59-AD86AE40195A}.Release|Any CPU.ActiveCfg = Release|Any CPU
		{D9CFAF4F-DBE5-4F24-8D59-AD86AE40195A}.Release|Any CPU.Build.0 = Release|Any CPU
		{2A95FA89-F80C-4BBC-B86A-0C73AC60D260}.Debug|Any CPU.ActiveCfg = Debug|Any CPU
		{2A95FA89-F80C-4BBC-B86A-0C73AC60D260}.Debug|Any CPU.Build.0 = Debug|Any CPU
		{2A95FA89-F80C-4BBC-B86A-0C73AC60D260}.Release|Any CPU.ActiveCfg = Release|Any CPU
		{2A95FA89-F80C-4BBC-B86A-0C73AC60D260}.Release|Any CPU.Build.0 = Release|Any CPU
		{2E081826-D819-454F-B8F3-E23FE16051EA}.Debug|Any CPU.ActiveCfg = Debug|Any CPU
		{2E081826-D819-454F-B8F3-E23FE16051EA}.Debug|Any CPU.Build.0 = Debug|Any CPU
		{2E081826-D819-454F-B8F3-E23FE16051EA}.Release|Any CPU.ActiveCfg = Release|Any CPU
		{2E081826-D819-454F-B8F3-E23FE16051EA}.Release|Any CPU.Build.0 = Release|Any CPU
		{C84BDD6E-8D78-45D4-9140-E96295C71A44}.Debug|Any CPU.ActiveCfg = Debug|Any CPU
		{C84BDD6E-8D78-45D4-9140-E96295C71A44}.Debug|Any CPU.Build.0 = Debug|Any CPU
		{C84BDD6E-8D78-45D4-9140-E96295C71A44}.Release|Any CPU.ActiveCfg = Release|Any CPU
		{C84BDD6E-8D78-45D4-9140-E96295C71A44}.Release|Any CPU.Build.0 = Release|Any CPU
		{BA659FDC-2169-4D3F-8351-B9C9B739A95D}.Debug|Any CPU.ActiveCfg = Debug|Any CPU
		{BA659FDC-2169-4D3F-8351-B9C9B739A95D}.Debug|Any CPU.Build.0 = Debug|Any CPU
		{BA659FDC-2169-4D3F-8351-B9C9B739A95D}.Release|Any CPU.ActiveCfg = Release|Any CPU
		{BA659FDC-2169-4D3F-8351-B9C9B739A95D}.Release|Any CPU.Build.0 = Release|Any CPU
		{B4BBF472-AF21-4CF1-A7FB-E7CEBFB5443A}.Debug|Any CPU.ActiveCfg = Debug|Any CPU
		{B4BBF472-AF21-4CF1-A7FB-E7CEBFB5443A}.Debug|Any CPU.Build.0 = Debug|Any CPU
		{B4BBF472-AF21-4CF1-A7FB-E7CEBFB5443A}.Release|Any CPU.ActiveCfg = Release|Any CPU
		{B4BBF472-AF21-4CF1-A7FB-E7CEBFB5443A}.Release|Any CPU.Build.0 = Release|Any CPU
		{EF02428D-18F8-4F8B-9C24-95F4511E2B31}.Debug|Any CPU.ActiveCfg = Debug|Any CPU
		{EF02428D-18F8-4F8B-9C24-95F4511E2B31}.Debug|Any CPU.Build.0 = Debug|Any CPU
		{EF02428D-18F8-4F8B-9C24-95F4511E2B31}.Release|Any CPU.ActiveCfg = Release|Any CPU
		{EF02428D-18F8-4F8B-9C24-95F4511E2B31}.Release|Any CPU.Build.0 = Release|Any CPU
		{3272C966-D5A6-4E82-861E-F24700356834}.Debug|Any CPU.ActiveCfg = Debug|Any CPU
		{3272C966-D5A6-4E82-861E-F24700356834}.Debug|Any CPU.Build.0 = Debug|Any CPU
		{3272C966-D5A6-4E82-861E-F24700356834}.Release|Any CPU.ActiveCfg = Release|Any CPU
		{3272C966-D5A6-4E82-861E-F24700356834}.Release|Any CPU.Build.0 = Release|Any CPU
		{4BD0563A-1031-45F5-9B11-4D7EC739D5B6}.Debug|Any CPU.ActiveCfg = Debug|Any CPU
		{4BD0563A-1031-45F5-9B11-4D7EC739D5B6}.Debug|Any CPU.Build.0 = Debug|Any CPU
		{4BD0563A-1031-45F5-9B11-4D7EC739D5B6}.Release|Any CPU.ActiveCfg = Release|Any CPU
		{4BD0563A-1031-45F5-9B11-4D7EC739D5B6}.Release|Any CPU.Build.0 = Release|Any CPU
		{FEBAB492-447C-41D2-A0BB-FB2ED57988B1}.Debug|Any CPU.ActiveCfg = Debug|Any CPU
		{FEBAB492-447C-41D2-A0BB-FB2ED57988B1}.Debug|Any CPU.Build.0 = Debug|Any CPU
		{FEBAB492-447C-41D2-A0BB-FB2ED57988B1}.Release|Any CPU.ActiveCfg = Release|Any CPU
		{FEBAB492-447C-41D2-A0BB-FB2ED57988B1}.Release|Any CPU.Build.0 = Release|Any CPU
		{968EFB21-12DA-4442-B713-FFD7FFAF44FA}.Debug|Any CPU.ActiveCfg = Debug|Any CPU
		{968EFB21-12DA-4442-B713-FFD7FFAF44FA}.Debug|Any CPU.Build.0 = Debug|Any CPU
		{968EFB21-12DA-4442-B713-FFD7FFAF44FA}.Release|Any CPU.ActiveCfg = Release|Any CPU
		{968EFB21-12DA-4442-B713-FFD7FFAF44FA}.Release|Any CPU.Build.0 = Release|Any CPU
		{D08FEC0C-6D9D-4FB6-9465-CA64FE5834BF}.Debug|Any CPU.ActiveCfg = Debug|Any CPU
		{D08FEC0C-6D9D-4FB6-9465-CA64FE5834BF}.Debug|Any CPU.Build.0 = Debug|Any CPU
		{D08FEC0C-6D9D-4FB6-9465-CA64FE5834BF}.Release|Any CPU.ActiveCfg = Release|Any CPU
		{D08FEC0C-6D9D-4FB6-9465-CA64FE5834BF}.Release|Any CPU.Build.0 = Release|Any CPU
		{73316BD3-562E-4BD3-BD51-083B389972B7}.Debug|Any CPU.ActiveCfg = Debug|Any CPU
		{73316BD3-562E-4BD3-BD51-083B389972B7}.Debug|Any CPU.Build.0 = Debug|Any CPU
		{73316BD3-562E-4BD3-BD51-083B389972B7}.Release|Any CPU.ActiveCfg = Release|Any CPU
		{73316BD3-562E-4BD3-BD51-083B389972B7}.Release|Any CPU.Build.0 = Release|Any CPU
		{CAED6864-03E8-413E-BDB4-26C75E0BCD26}.Debug|Any CPU.ActiveCfg = Debug|Any CPU
		{CAED6864-03E8-413E-BDB4-26C75E0BCD26}.Debug|Any CPU.Build.0 = Debug|Any CPU
		{CAED6864-03E8-413E-BDB4-26C75E0BCD26}.Release|Any CPU.ActiveCfg = Release|Any CPU
		{CAED6864-03E8-413E-BDB4-26C75E0BCD26}.Release|Any CPU.Build.0 = Release|Any CPU
		{FB557B8F-4882-4BA5-AC95-83CDAB4AFC55}.Debug|Any CPU.ActiveCfg = Debug|Any CPU
		{FB557B8F-4882-4BA5-AC95-83CDAB4AFC55}.Debug|Any CPU.Build.0 = Debug|Any CPU
		{FB557B8F-4882-4BA5-AC95-83CDAB4AFC55}.Release|Any CPU.ActiveCfg = Release|Any CPU
		{FB557B8F-4882-4BA5-AC95-83CDAB4AFC55}.Release|Any CPU.Build.0 = Release|Any CPU
		{0F64B56F-D017-46C8-B9DC-F3EDA1C960D7}.Debug|Any CPU.ActiveCfg = Debug|Any CPU
		{0F64B56F-D017-46C8-B9DC-F3EDA1C960D7}.Debug|Any CPU.Build.0 = Debug|Any CPU
		{0F64B56F-D017-46C8-B9DC-F3EDA1C960D7}.Release|Any CPU.ActiveCfg = Release|Any CPU
		{0F64B56F-D017-46C8-B9DC-F3EDA1C960D7}.Release|Any CPU.Build.0 = Release|Any CPU
		{2131CFE2-3B3B-49DC-908B-B4E33C14C8BD}.Debug|Any CPU.ActiveCfg = Debug|Any CPU
		{2131CFE2-3B3B-49DC-908B-B4E33C14C8BD}.Debug|Any CPU.Build.0 = Debug|Any CPU
		{2131CFE2-3B3B-49DC-908B-B4E33C14C8BD}.Release|Any CPU.ActiveCfg = Release|Any CPU
		{2131CFE2-3B3B-49DC-908B-B4E33C14C8BD}.Release|Any CPU.Build.0 = Release|Any CPU
		{C9EAA039-F640-4EE5-B23B-2ED8AD6C2133}.Debug|Any CPU.ActiveCfg = Debug|Any CPU
		{C9EAA039-F640-4EE5-B23B-2ED8AD6C2133}.Debug|Any CPU.Build.0 = Debug|Any CPU
		{C9EAA039-F640-4EE5-B23B-2ED8AD6C2133}.Release|Any CPU.ActiveCfg = Release|Any CPU
		{C9EAA039-F640-4EE5-B23B-2ED8AD6C2133}.Release|Any CPU.Build.0 = Release|Any CPU
		{95607556-0838-4907-9B28-4FE12DA5A181}.Debug|Any CPU.ActiveCfg = Debug|Any CPU
		{95607556-0838-4907-9B28-4FE12DA5A181}.Debug|Any CPU.Build.0 = Debug|Any CPU
		{95607556-0838-4907-9B28-4FE12DA5A181}.Release|Any CPU.ActiveCfg = Release|Any CPU
		{95607556-0838-4907-9B28-4FE12DA5A181}.Release|Any CPU.Build.0 = Release|Any CPU
		{19DDE540-6438-466E-99AC-D80B37A4E2A1}.Debug|Any CPU.ActiveCfg = Debug|Any CPU
		{19DDE540-6438-466E-99AC-D80B37A4E2A1}.Debug|Any CPU.Build.0 = Debug|Any CPU
		{19DDE540-6438-466E-99AC-D80B37A4E2A1}.Release|Any CPU.ActiveCfg = Release|Any CPU
		{19DDE540-6438-466E-99AC-D80B37A4E2A1}.Release|Any CPU.Build.0 = Release|Any CPU
	EndGlobalSection
	GlobalSection(SolutionProperties) = preSolution
		HideSolutionNode = FALSE
	EndGlobalSection
	GlobalSection(ExtensibilityGlobals) = postSolution
		SolutionGuid = {E5F7D15F-ADF8-43C6-8B96-F564ABA8F43F}
	EndGlobalSection
	GlobalSection(NestedProjects) = preSolution
		{8E9C8C37-428E-424A-90E7-977C460EBBCE} = {643E45B1-FC26-4739-8D33-D08F8CC814EF}
		{0397469C-A1D4-4AE2-A1DD-2571ADC85407} = {8E9C8C37-428E-424A-90E7-977C460EBBCE}
		{280E0EB2-CF54-4584-94C2-C853476F739C} = {643E45B1-FC26-4739-8D33-D08F8CC814EF}
		{C53B7F99-729F-4CC6-BF1A-C408BC7D1585} = {280E0EB2-CF54-4584-94C2-C853476F739C}
		{51460AAA-6CBF-417A-A356-429D9409A78B} = {280E0EB2-CF54-4584-94C2-C853476F739C}
		{F6C1C93A-EBF6-4F35-B057-BDA3A44819E7} = {643E45B1-FC26-4739-8D33-D08F8CC814EF}
		{4C162DD5-C6A0-4313-8011-552335E6FF7A} = {F6C1C93A-EBF6-4F35-B057-BDA3A44819E7}
		{48398250-8897-4ADC-86D5-FD8AF092532A} = {F6C1C93A-EBF6-4F35-B057-BDA3A44819E7}
		{9509E508-BBEC-4C75-8088-F7D477242F5A} = {D1518E3A-0149-47DF-A78A-95E46ECD39EC}
		{B4630F81-894E-4B16-AA38-57B434DDFF50} = {D1518E3A-0149-47DF-A78A-95E46ECD39EC}
		{B4A5A9E8-8566-4BB2-B5F0-46660C5A786B} = {D1518E3A-0149-47DF-A78A-95E46ECD39EC}
		{76603070-573B-49A1-9791-E25D3C4D330D} = {9509E508-BBEC-4C75-8088-F7D477242F5A}
		{D9CFAF4F-DBE5-4F24-8D59-AD86AE40195A} = {B4630F81-894E-4B16-AA38-57B434DDFF50}
		{2A95FA89-F80C-4BBC-B86A-0C73AC60D260} = {B4630F81-894E-4B16-AA38-57B434DDFF50}
		{2E081826-D819-454F-B8F3-E23FE16051EA} = {B4A5A9E8-8566-4BB2-B5F0-46660C5A786B}
		{C84BDD6E-8D78-45D4-9140-E96295C71A44} = {B4A5A9E8-8566-4BB2-B5F0-46660C5A786B}
		{616F5181-ECB3-47D5-AD75-E156ABC24F30} = {0BB73ACF-E529-43E1-8F40-926A7F0003A5}
		{BA659FDC-2169-4D3F-8351-B9C9B739A95D} = {616F5181-ECB3-47D5-AD75-E156ABC24F30}
		{5F4EA9FD-909D-45AF-BEFA-73FDBBC2B540} = {0BB73ACF-E529-43E1-8F40-926A7F0003A5}
		{B4BBF472-AF21-4CF1-A7FB-E7CEBFB5443A} = {5F4EA9FD-909D-45AF-BEFA-73FDBBC2B540}
		{AF7B5B8B-974A-416C-A537-EF638562C63E} = {0BB73ACF-E529-43E1-8F40-926A7F0003A5}
		{EF02428D-18F8-4F8B-9C24-95F4511E2B31} = {AF7B5B8B-974A-416C-A537-EF638562C63E}
		{3272C966-D5A6-4E82-861E-F24700356834} = {AF7B5B8B-974A-416C-A537-EF638562C63E}
		{4BD0563A-1031-45F5-9B11-4D7EC739D5B6} = {5F4EA9FD-909D-45AF-BEFA-73FDBBC2B540}
		{1F4FE802-3149-4ACF-87CF-E6DFD898AD95} = {C6131F31-4CCC-4B34-BE88-DEF86A105F05}
		{FEBAB492-447C-41D2-A0BB-FB2ED57988B1} = {1F4FE802-3149-4ACF-87CF-E6DFD898AD95}
		{03143793-FFD1-4330-86BD-1EA40F39F178} = {C6131F31-4CCC-4B34-BE88-DEF86A105F05}
		{968EFB21-12DA-4442-B713-FFD7FFAF44FA} = {03143793-FFD1-4330-86BD-1EA40F39F178}
		{D08FEC0C-6D9D-4FB6-9465-CA64FE5834BF} = {03143793-FFD1-4330-86BD-1EA40F39F178}
		{E9F5B21B-0642-49BD-B2C2-9F51CFCAD5A5} = {C6131F31-4CCC-4B34-BE88-DEF86A105F05}
		{73316BD3-562E-4BD3-BD51-083B389972B7} = {E9F5B21B-0642-49BD-B2C2-9F51CFCAD5A5}
		{CAED6864-03E8-413E-BDB4-26C75E0BCD26} = {E9F5B21B-0642-49BD-B2C2-9F51CFCAD5A5}
		{0644449C-6164-43CD-B64F-A41B36E70EDB} = {42F2DBB4-E7BB-4693-81A5-7EC113EF3BDA}
		{FB557B8F-4882-4BA5-AC95-83CDAB4AFC55} = {0644449C-6164-43CD-B64F-A41B36E70EDB}
		{D3150A75-325E-43A2-BA96-0F537CFCD7D3} = {42F2DBB4-E7BB-4693-81A5-7EC113EF3BDA}
		{0F64B56F-D017-46C8-B9DC-F3EDA1C960D7} = {D3150A75-325E-43A2-BA96-0F537CFCD7D3}
		{2131CFE2-3B3B-49DC-908B-B4E33C14C8BD} = {D3150A75-325E-43A2-BA96-0F537CFCD7D3}
		{324E5A36-788F-4890-A425-4618ABADBF7C} = {42F2DBB4-E7BB-4693-81A5-7EC113EF3BDA}
		{C9EAA039-F640-4EE5-B23B-2ED8AD6C2133} = {324E5A36-788F-4890-A425-4618ABADBF7C}
		{95607556-0838-4907-9B28-4FE12DA5A181} = {324E5A36-788F-4890-A425-4618ABADBF7C}
		{9EF8E054-937D-4C08-9498-9E85C584931B} = {643E45B1-FC26-4739-8D33-D08F8CC814EF}
		{AAA8C4F2-FF46-491E-A3CC-8CB414BE6338} = {0BB73ACF-E529-43E1-8F40-926A7F0003A5}
	EndGlobalSection
EndGlobal
